
Microsoft Visual Studio Solution File, Format Version 12.00
# Visual Studio Version 17
VisualStudioVersion = 17.0.32112.339
MinimumVisualStudioVersion = 10.0.40219.1
Project("{2150E333-8FDC-42A3-9474-1A3956D46DE8}") = "Common", "Common", "{A941E9DE-8DA0-4189-9F85-4709E5931946}"
EndProject
Project("{9A19103F-16F7-4668-BE54-9A1E7A4F7556}") = "AssignmentManager.Common", "..\Common\AssignmentManager.Common\AssignmentManager.Common.csproj", "{68E0E431-38D6-4079-A4F4-9344FD260760}"
EndProject
Project("{2150E333-8FDC-42A3-9474-1A3956D46DE8}") = "Entities", "Entities", "{F743163A-2F02-4DE7-888E-B33FC66724D9}"
EndProject
Project("{9A19103F-16F7-4668-BE54-9A1E7A4F7556}") = "AssignmentManager.Entities", "..\Entities\AssignmentManager.Entities.csproj", "{7526CDDA-8CF2-4405-988D-947420269CB7}"
EndProject
Project("{2150E333-8FDC-42A3-9474-1A3956D46DE8}") = "Queue", "Queue", "{F73C41D0-CF6E-44EC-98EA-74136CB51B91}"
EndProject
Project("{9A19103F-16F7-4668-BE54-9A1E7A4F7556}") = "AssignmentManager.Queue.Business", "..\Queue\AssignmentManager.Queue.Business\AssignmentManager.Queue.Business.csproj", "{4C9230D9-A089-4268-B838-B5550FD7E3BE}"
EndProject
Project("{2150E333-8FDC-42A3-9474-1A3956D46DE8}") = "Solution Items", "Solution Items", "{543F4B0F-A66A-4467-B67E-11C3DAE51F9A}"
	ProjectSection(SolutionItems) = preProject
		.dockerignore = .dockerignore
		..\.editorconfig = ..\.editorconfig
		..\.gitignore = ..\.gitignore
		..\deploy.bat = ..\deploy.bat
		directory.build.props = directory.build.props
		..\docker-compose.yml = ..\docker-compose.yml
		Dockerfile = Dockerfile
	EndProjectSection
EndProject
Project("{9A19103F-16F7-4668-BE54-9A1E7A4F7556}") = "AssignmentManager.Notification.Service", "AssignmentManager.Notification.Service\AssignmentManager.Notification.Service.csproj", "{6A0033F9-AA59-4784-B172-97D9A7E793A7}"
EndProject
Global
	GlobalSection(SolutionConfigurationPlatforms) = preSolution
		Debug|Any CPU = Debug|Any CPU
		Release|Any CPU = Release|Any CPU
	EndGlobalSection
	GlobalSection(ProjectConfigurationPlatforms) = postSolution
		{6A0033F9-AA59-4784-B172-97D9A7E793A7}.Debug|Any CPU.ActiveCfg = Debug|Any CPU
		{6A0033F9-AA59-4784-B172-97D9A7E793A7}.Debug|Any CPU.Build.0 = Debug|Any CPU
		{6A0033F9-AA59-4784-B172-97D9A7E793A7}.Release|Any CPU.ActiveCfg = Release|Any CPU
		{6A0033F9-AA59-4784-B172-97D9A7E793A7}.Release|Any CPU.Build.0 = Release|Any CPU
		{68E0E431-38D6-4079-A4F4-9344FD260760}.Debug|Any CPU.ActiveCfg = Debug|Any CPU
		{68E0E431-38D6-4079-A4F4-9344FD260760}.Debug|Any CPU.Build.0 = Debug|Any CPU
		{68E0E431-38D6-4079-A4F4-9344FD260760}.Release|Any CPU.ActiveCfg = Release|Any CPU
		{68E0E431-38D6-4079-A4F4-9344FD260760}.Release|Any CPU.Build.0 = Release|Any CPU
		{7526CDDA-8CF2-4405-988D-947420269CB7}.Debug|Any CPU.ActiveCfg = Debug|Any CPU
		{7526CDDA-8CF2-4405-988D-947420269CB7}.Debug|Any CPU.Build.0 = Debug|Any CPU
		{7526CDDA-8CF2-4405-988D-947420269CB7}.Release|Any CPU.ActiveCfg = Release|Any CPU
		{7526CDDA-8CF2-4405-988D-947420269CB7}.Release|Any CPU.Build.0 = Release|Any CPU
		{4C9230D9-A089-4268-B838-B5550FD7E3BE}.Debug|Any CPU.ActiveCfg = Debug|Any CPU
		{4C9230D9-A089-4268-B838-B5550FD7E3BE}.Debug|Any CPU.Build.0 = Debug|Any CPU
		{4C9230D9-A089-4268-B838-B5550FD7E3BE}.Release|Any CPU.ActiveCfg = Release|Any CPU
		{4C9230D9-A089-4268-B838-B5550FD7E3BE}.Release|Any CPU.Build.0 = Release|Any CPU
	EndGlobalSection
	GlobalSection(SolutionProperties) = preSolution
		HideSolutionNode = FALSE
	EndGlobalSection
	GlobalSection(NestedProjects) = preSolution
		{68E0E431-38D6-4079-A4F4-9344FD260760} = {A941E9DE-8DA0-4189-9F85-4709E5931946}
		{7526CDDA-8CF2-4405-988D-947420269CB7} = {F743163A-2F02-4DE7-888E-B33FC66724D9}
		{4C9230D9-A089-4268-B838-B5550FD7E3BE} = {F73C41D0-CF6E-44EC-98EA-74136CB51B91}
	EndGlobalSection
	GlobalSection(ExtensibilityGlobals) = postSolution
		SolutionGuid = {303F2D86-094E-4F52-B89C-F3CFFE464EAF}
	EndGlobalSection
EndGlobal
