
Microsoft Visual Studio Solution File, Format Version 12.00
# Visual Studio Version 16
VisualStudioVersion = 16.0.31613.86
MinimumVisualStudioVersion = 10.0.40219.1
Project("{2150E333-8FDC-42A3-9474-1A3956D46DE8}") = "Solution Items", "Solution Items", "{DEBB8734-219C-45A7-A2F4-87AE0E05DE8F}"
	ProjectSection(SolutionItems) = preProject
		.dockerignore = .dockerignore
		..\.editorconfig = ..\.editorconfig
		..\.gitignore = ..\.gitignore
		..\deploy.bat = ..\deploy.bat
		directory.build.props = directory.build.props
		..\docker-compose.yml = ..\docker-compose.yml
		Dockerfile = Dockerfile
	EndProjectSection
EndProject
Project("{9A19103F-16F7-4668-BE54-9A1E7A4F7556}") = "AssignmentManager.Entities", "..\Entities\AssignmentManager.Entities.csproj", "{4EB76F61-A113-4946-A8AF-C71900E06829}"
EndProject
Project("{9A19103F-16F7-4668-BE54-9A1E7A4F7556}") = "AssignmentManager.API", "AssignmentManager.API\AssignmentManager.API.csproj", "{6215E5FA-EEF0-44CD-A2D5-3103BF27CE0C}"
EndProject
Project("{9A19103F-16F7-4668-BE54-9A1E7A4F7556}") = "AssignmentManager.EF", "..\DB\AssignmentManager.EF\AssignmentManager.EF.csproj", "{B5C0BD6D-7F62-4338-BE86-DD9B9D43E774}"
EndProject
Project("{2150E333-8FDC-42A3-9474-1A3956D46DE8}") = "DB", "DB", "{9F5A9544-E892-4AE1-9AF8-C9FC9B521191}"
EndProject
Project("{2150E333-8FDC-42A3-9474-1A3956D46DE8}") = "Entities", "Entities", "{8289A591-23AE-4051-A53B-EA5FD3504A00}"
EndProject
Project("{2150E333-8FDC-42A3-9474-1A3956D46DE8}") = "Auth", "Auth", "{CA50E3A8-8D59-4754-97BF-5A7D3105C6C3}"
EndProject
Project("{9A19103F-16F7-4668-BE54-9A1E7A4F7556}") = "AssignmentManager.Auth.Business", "..\Auth\AssignmentManager.Auth.Business\AssignmentManager.Auth.Business.csproj", "{5FAA7C16-396B-4868-9D9E-FA9CB726CD88}"
EndProject
Project("{9A19103F-16F7-4668-BE54-9A1E7A4F7556}") = "AssignmentManager.Storage", "..\DB\AssignmentManager.Storage\AssignmentManager.Storage.csproj", "{61DEFE29-24A1-4E1C-8ECA-67E9A2E5FF30}"
EndProject
Project("{2150E333-8FDC-42A3-9474-1A3956D46DE8}") = "Common", "Common", "{528F2346-957F-4B90-B018-73153D4C8D0A}"
EndProject
Project("{9A19103F-16F7-4668-BE54-9A1E7A4F7556}") = "AssignmentManager.Common", "..\Common\AssignmentManager.Common\AssignmentManager.Common.csproj", "{256C17B8-54FD-4283-BF58-B80B85D505D6}"
EndProject
Global
	GlobalSection(SolutionConfigurationPlatforms) = preSolution
		Debug|Any CPU = Debug|Any CPU
		Release|Any CPU = Release|Any CPU
	EndGlobalSection
	GlobalSection(ProjectConfigurationPlatforms) = postSolution
		{4EB76F61-A113-4946-A8AF-C71900E06829}.Debug|Any CPU.ActiveCfg = Debug|Any CPU
		{4EB76F61-A113-4946-A8AF-C71900E06829}.Debug|Any CPU.Build.0 = Debug|Any CPU
		{4EB76F61-A113-4946-A8AF-C71900E06829}.Release|Any CPU.ActiveCfg = Release|Any CPU
		{4EB76F61-A113-4946-A8AF-C71900E06829}.Release|Any CPU.Build.0 = Release|Any CPU
		{6215E5FA-EEF0-44CD-A2D5-3103BF27CE0C}.Debug|Any CPU.ActiveCfg = Debug|Any CPU
		{6215E5FA-EEF0-44CD-A2D5-3103BF27CE0C}.Debug|Any CPU.Build.0 = Debug|Any CPU
		{6215E5FA-EEF0-44CD-A2D5-3103BF27CE0C}.Release|Any CPU.ActiveCfg = Release|Any CPU
		{6215E5FA-EEF0-44CD-A2D5-3103BF27CE0C}.Release|Any CPU.Build.0 = Release|Any CPU
		{B5C0BD6D-7F62-4338-BE86-DD9B9D43E774}.Debug|Any CPU.ActiveCfg = Debug|Any CPU
		{B5C0BD6D-7F62-4338-BE86-DD9B9D43E774}.Debug|Any CPU.Build.0 = Debug|Any CPU
		{B5C0BD6D-7F62-4338-BE86-DD9B9D43E774}.Release|Any CPU.ActiveCfg = Release|Any CPU
		{B5C0BD6D-7F62-4338-BE86-DD9B9D43E774}.Release|Any CPU.Build.0 = Release|Any CPU
		{5FAA7C16-396B-4868-9D9E-FA9CB726CD88}.Debug|Any CPU.ActiveCfg = Debug|Any CPU
		{5FAA7C16-396B-4868-9D9E-FA9CB726CD88}.Debug|Any CPU.Build.0 = Debug|Any CPU
		{5FAA7C16-396B-4868-9D9E-FA9CB726CD88}.Release|Any CPU.ActiveCfg = Release|Any CPU
		{5FAA7C16-396B-4868-9D9E-FA9CB726CD88}.Release|Any CPU.Build.0 = Release|Any CPU
		{61DEFE29-24A1-4E1C-8ECA-67E9A2E5FF30}.Debug|Any CPU.ActiveCfg = Debug|Any CPU
		{61DEFE29-24A1-4E1C-8ECA-67E9A2E5FF30}.Debug|Any CPU.Build.0 = Debug|Any CPU
		{61DEFE29-24A1-4E1C-8ECA-67E9A2E5FF30}.Release|Any CPU.ActiveCfg = Release|Any CPU
		{61DEFE29-24A1-4E1C-8ECA-67E9A2E5FF30}.Release|Any CPU.Build.0 = Release|Any CPU
		{256C17B8-54FD-4283-BF58-B80B85D505D6}.Debug|Any CPU.ActiveCfg = Debug|Any CPU
		{256C17B8-54FD-4283-BF58-B80B85D505D6}.Debug|Any CPU.Build.0 = Debug|Any CPU
		{256C17B8-54FD-4283-BF58-B80B85D505D6}.Release|Any CPU.ActiveCfg = Release|Any CPU
		{256C17B8-54FD-4283-BF58-B80B85D505D6}.Release|Any CPU.Build.0 = Release|Any CPU
	EndGlobalSection
	GlobalSection(SolutionProperties) = preSolution
		HideSolutionNode = FALSE
	EndGlobalSection
	GlobalSection(NestedProjects) = preSolution
		{4EB76F61-A113-4946-A8AF-C71900E06829} = {8289A591-23AE-4051-A53B-EA5FD3504A00}
		{B5C0BD6D-7F62-4338-BE86-DD9B9D43E774} = {9F5A9544-E892-4AE1-9AF8-C9FC9B521191}
		{5FAA7C16-396B-4868-9D9E-FA9CB726CD88} = {CA50E3A8-8D59-4754-97BF-5A7D3105C6C3}
		{61DEFE29-24A1-4E1C-8ECA-67E9A2E5FF30} = {9F5A9544-E892-4AE1-9AF8-C9FC9B521191}
		{256C17B8-54FD-4283-BF58-B80B85D505D6} = {528F2346-957F-4B90-B018-73153D4C8D0A}
	EndGlobalSection
	GlobalSection(ExtensibilityGlobals) = postSolution
		SolutionGuid = {C54449D0-0728-4231-ACA3-D7F9D720D4D4}
	EndGlobalSection
EndGlobal
