
Microsoft Visual Studio Solution File, Format Version 12.00
# Visual Studio Version 16
VisualStudioVersion = 16.0.31613.86
MinimumVisualStudioVersion = 10.0.40219.1
Project("{9A19103F-16F7-4668-BE54-9A1E7A4F7556}") = "AssignmentManager.API", "AssignmentManager.API\AssignmentManager.API.csproj", "{FE50CACC-E7C2-4DEF-85EA-5B4285D1BAE3}"
EndProject
Project("{9A19103F-16F7-4668-BE54-9A1E7A4F7556}") = "AssignmentManager.Entities", "AssignmentManager.Entities\AssignmentManager.Entities.csproj", "{91352999-DE2B-42FB-8B14-55AA7678BFC1}"
EndProject
Project("{2150E333-8FDC-42A3-9474-1A3956D46DE8}") = "Solution Items", "Solution Items", "{DEBB8734-219C-45A7-A2F4-87AE0E05DE8F}"
	ProjectSection(SolutionItems) = preProject
		.gitignore = .gitignore
		directory.build.props = directory.build.props
	EndProjectSection
EndProject
Global
	GlobalSection(SolutionConfigurationPlatforms) = preSolution
		Debug|Any CPU = Debug|Any CPU
		Release|Any CPU = Release|Any CPU
	EndGlobalSection
	GlobalSection(ProjectConfigurationPlatforms) = postSolution
		{FE50CACC-E7C2-4DEF-85EA-5B4285D1BAE3}.Debug|Any CPU.ActiveCfg = Debug|Any CPU
		{FE50CACC-E7C2-4DEF-85EA-5B4285D1BAE3}.Debug|Any CPU.Build.0 = Debug|Any CPU
		{FE50CACC-E7C2-4DEF-85EA-5B4285D1BAE3}.Release|Any CPU.ActiveCfg = Release|Any CPU
		{FE50CACC-E7C2-4DEF-85EA-5B4285D1BAE3}.Release|Any CPU.Build.0 = Release|Any CPU
		{91352999-DE2B-42FB-8B14-55AA7678BFC1}.Debug|Any CPU.ActiveCfg = Debug|Any CPU
		{91352999-DE2B-42FB-8B14-55AA7678BFC1}.Debug|Any CPU.Build.0 = Debug|Any CPU
		{91352999-DE2B-42FB-8B14-55AA7678BFC1}.Release|Any CPU.ActiveCfg = Release|Any CPU
		{91352999-DE2B-42FB-8B14-55AA7678BFC1}.Release|Any CPU.Build.0 = Release|Any CPU
	EndGlobalSection
	GlobalSection(SolutionProperties) = preSolution
		HideSolutionNode = FALSE
	EndGlobalSection
	GlobalSection(ExtensibilityGlobals) = postSolution
		SolutionGuid = {C54449D0-0728-4231-ACA3-D7F9D720D4D4}
	EndGlobalSection
EndGlobal
